
Microsoft Visual Studio Solution File, Format Version 12.00
# Visual Studio Version 16
VisualStudioVersion = 16.0.28803.452
MinimumVisualStudioVersion = 10.0.40219.1
Project("{FAE04EC0-301F-11D3-BF4B-00C04F79EFBC}") = "b7-packets", "b7-packets\b7-packets.csproj", "{25A3168F-C061-4276-9372-98E1959CD503}"
EndProject
Project("{FAE04EC0-301F-11D3-BF4B-00C04F79EFBC}") = "TanjiWPF", "tanjiwpf\tanjiwpf\TanjiWPF.csproj", "{E7246312-2DE4-44A7-A53F-95A6B12D0902}"
EndProject
Global
	GlobalSection(SolutionConfigurationPlatforms) = preSolution
		Debug|Any CPU = Debug|Any CPU
		Release|Any CPU = Release|Any CPU
	EndGlobalSection
	GlobalSection(ProjectConfigurationPlatforms) = postSolution
		{25A3168F-C061-4276-9372-98E1959CD503}.Debug|Any CPU.ActiveCfg = Debug|Any CPU
		{25A3168F-C061-4276-9372-98E1959CD503}.Debug|Any CPU.Build.0 = Debug|Any CPU
		{25A3168F-C061-4276-9372-98E1959CD503}.Release|Any CPU.ActiveCfg = Release|Any CPU
		{25A3168F-C061-4276-9372-98E1959CD503}.Release|Any CPU.Build.0 = Release|Any CPU
		{E7246312-2DE4-44A7-A53F-95A6B12D0902}.Debug|Any CPU.ActiveCfg = Debug|Any CPU
		{E7246312-2DE4-44A7-A53F-95A6B12D0902}.Debug|Any CPU.Build.0 = Debug|Any CPU
		{E7246312-2DE4-44A7-A53F-95A6B12D0902}.Release|Any CPU.ActiveCfg = Release|Any CPU
		{E7246312-2DE4-44A7-A53F-95A6B12D0902}.Release|Any CPU.Build.0 = Release|Any CPU
	EndGlobalSection
	GlobalSection(SolutionProperties) = preSolution
		HideSolutionNode = FALSE
	EndGlobalSection
	GlobalSection(ExtensibilityGlobals) = postSolution
		SolutionGuid = {65BFCE71-CC5D-426C-9100-5A6FCD54E28C}
	EndGlobalSection
EndGlobal
